// !$*UTF8*$!
{
	archiveVersion = 1;
	classes = {
	};
	objectVersion = 50;
	objects = {

/* Begin PBXBuildFile section */
		5D45938D214DA53100061651 /* NowPlayingViewController.swift in Sources */ = {isa = PBXBuildFile; fileRef = 5D45938C214DA53100061651 /* NowPlayingViewController.swift */; };
		5D45938F214DCEB000061651 /* MovieCell.swift in Sources */ = {isa = PBXBuildFile; fileRef = 5D45938E214DCEB000061651 /* MovieCell.swift */; };
		5DDB6674214CA646001BA32B /* AppDelegate.swift in Sources */ = {isa = PBXBuildFile; fileRef = 5DDB6673214CA646001BA32B /* AppDelegate.swift */; };
		5DDB6679214CA646001BA32B /* Main.storyboard in Resources */ = {isa = PBXBuildFile; fileRef = 5DDB6677214CA646001BA32B /* Main.storyboard */; };
		5DDB667B214CA647001BA32B /* Assets.xcassets in Resources */ = {isa = PBXBuildFile; fileRef = 5DDB667A214CA647001BA32B /* Assets.xcassets */; };
		5DDB667E214CA647001BA32B /* LaunchScreen.storyboard in Resources */ = {isa = PBXBuildFile; fileRef = 5DDB667C214CA647001BA32B /* LaunchScreen.storyboard */; };
		5DDB6689214CA647001BA32B /* FlixTests.swift in Sources */ = {isa = PBXBuildFile; fileRef = 5DDB6688214CA647001BA32B /* FlixTests.swift */; };
		5DDB6694214CA648001BA32B /* FlixUITests.swift in Sources */ = {isa = PBXBuildFile; fileRef = 5DDB6693214CA648001BA32B /* FlixUITests.swift */; };
		6B14B5BA5568A7961E53FABF /* Pods_Flix.framework in Frameworks */ = {isa = PBXBuildFile; fileRef = 692A0F1E9CABF83E14AFBB80 /* Pods_Flix.framework */; };
		97EE0A44A5FFCE194FE37557 /* Pods_FlixTests.framework in Frameworks */ = {isa = PBXBuildFile; fileRef = 890E171B6ED7929FE2CB73D8 /* Pods_FlixTests.framework */; };
		A44E1C5937DEC75B26D88328 /* Pods_FlixUITests.framework in Frameworks */ = {isa = PBXBuildFile; fileRef = 063FA5D0FE8156C43C156FEE /* Pods_FlixUITests.framework */; };
/* End PBXBuildFile section */

/* Begin PBXContainerItemProxy section */
		5DDB6685214CA647001BA32B /* PBXContainerItemProxy */ = {
			isa = PBXContainerItemProxy;
			containerPortal = 5DDB6668214CA646001BA32B /* Project object */;
			proxyType = 1;
			remoteGlobalIDString = 5DDB666F214CA646001BA32B;
			remoteInfo = Flix;
		};
		5DDB6690214CA648001BA32B /* PBXContainerItemProxy */ = {
			isa = PBXContainerItemProxy;
			containerPortal = 5DDB6668214CA646001BA32B /* Project object */;
			proxyType = 1;
			remoteGlobalIDString = 5DDB666F214CA646001BA32B;
			remoteInfo = Flix;
		};
/* End PBXContainerItemProxy section */

/* Begin PBXFileReference section */
		063FA5D0FE8156C43C156FEE /* Pods_FlixUITests.framework */ = {isa = PBXFileReference; explicitFileType = wrapper.framework; includeInIndex = 0; path = Pods_FlixUITests.framework; sourceTree = BUILT_PRODUCTS_DIR; };
		5A5BD448BBF0011CFEB48925 /* Pods-Flix.release.xcconfig */ = {isa = PBXFileReference; includeInIndex = 1; lastKnownFileType = text.xcconfig; name = "Pods-Flix.release.xcconfig"; path = "Pods/Target Support Files/Pods-Flix/Pods-Flix.release.xcconfig"; sourceTree = "<group>"; };
		5D45938C214DA53100061651 /* NowPlayingViewController.swift */ = {isa = PBXFileReference; lastKnownFileType = sourcecode.swift; path = NowPlayingViewController.swift; sourceTree = "<group>"; };
		5D45938E214DCEB000061651 /* MovieCell.swift */ = {isa = PBXFileReference; lastKnownFileType = sourcecode.swift; path = MovieCell.swift; sourceTree = "<group>"; };
		5DDB6670214CA646001BA32B /* Flix.app */ = {isa = PBXFileReference; explicitFileType = wrapper.application; includeInIndex = 0; path = Flix.app; sourceTree = BUILT_PRODUCTS_DIR; };
		5DDB6673214CA646001BA32B /* AppDelegate.swift */ = {isa = PBXFileReference; lastKnownFileType = sourcecode.swift; path = AppDelegate.swift; sourceTree = "<group>"; };
		5DDB6678214CA646001BA32B /* Base */ = {isa = PBXFileReference; lastKnownFileType = file.storyboard; name = Base; path = Base.lproj/Main.storyboard; sourceTree = "<group>"; };
		5DDB667A214CA647001BA32B /* Assets.xcassets */ = {isa = PBXFileReference; lastKnownFileType = folder.assetcatalog; path = Assets.xcassets; sourceTree = "<group>"; };
		5DDB667D214CA647001BA32B /* Base */ = {isa = PBXFileReference; lastKnownFileType = file.storyboard; name = Base; path = Base.lproj/LaunchScreen.storyboard; sourceTree = "<group>"; };
		5DDB667F214CA647001BA32B /* Info.plist */ = {isa = PBXFileReference; lastKnownFileType = text.plist.xml; path = Info.plist; sourceTree = "<group>"; };
		5DDB6684214CA647001BA32B /* FlixTests.xctest */ = {isa = PBXFileReference; explicitFileType = wrapper.cfbundle; includeInIndex = 0; path = FlixTests.xctest; sourceTree = BUILT_PRODUCTS_DIR; };
		5DDB6688214CA647001BA32B /* FlixTests.swift */ = {isa = PBXFileReference; lastKnownFileType = sourcecode.swift; path = FlixTests.swift; sourceTree = "<group>"; };
		5DDB668A214CA647001BA32B /* Info.plist */ = {isa = PBXFileReference; lastKnownFileType = text.plist.xml; path = Info.plist; sourceTree = "<group>"; };
		5DDB668F214CA648001BA32B /* FlixUITests.xctest */ = {isa = PBXFileReference; explicitFileType = wrapper.cfbundle; includeInIndex = 0; path = FlixUITests.xctest; sourceTree = BUILT_PRODUCTS_DIR; };
		5DDB6693214CA648001BA32B /* FlixUITests.swift */ = {isa = PBXFileReference; lastKnownFileType = sourcecode.swift; path = FlixUITests.swift; sourceTree = "<group>"; };
		5DDB6695214CA648001BA32B /* Info.plist */ = {isa = PBXFileReference; lastKnownFileType = text.plist.xml; path = Info.plist; sourceTree = "<group>"; };
		692A0F1E9CABF83E14AFBB80 /* Pods_Flix.framework */ = {isa = PBXFileReference; explicitFileType = wrapper.framework; includeInIndex = 0; path = Pods_Flix.framework; sourceTree = BUILT_PRODUCTS_DIR; };
		890E171B6ED7929FE2CB73D8 /* Pods_FlixTests.framework */ = {isa = PBXFileReference; explicitFileType = wrapper.framework; includeInIndex = 0; path = Pods_FlixTests.framework; sourceTree = BUILT_PRODUCTS_DIR; };
		8A9CF022D344ACB5D28A99CC /* Pods-FlixTests.release.xcconfig */ = {isa = PBXFileReference; includeInIndex = 1; lastKnownFileType = text.xcconfig; name = "Pods-FlixTests.release.xcconfig"; path = "Pods/Target Support Files/Pods-FlixTests/Pods-FlixTests.release.xcconfig"; sourceTree = "<group>"; };
		AA01EFB9B85A50C6D5E467F1 /* Pods-FlixTests.debug.xcconfig */ = {isa = PBXFileReference; includeInIndex = 1; lastKnownFileType = text.xcconfig; name = "Pods-FlixTests.debug.xcconfig"; path = "Pods/Target Support Files/Pods-FlixTests/Pods-FlixTests.debug.xcconfig"; sourceTree = "<group>"; };
		C98AEF60C5095A576B4A4E53 /* Pods-FlixUITests.debug.xcconfig */ = {isa = PBXFileReference; includeInIndex = 1; lastKnownFileType = text.xcconfig; name = "Pods-FlixUITests.debug.xcconfig"; path = "Pods/Target Support Files/Pods-FlixUITests/Pods-FlixUITests.debug.xcconfig"; sourceTree = "<group>"; };
		CB25C397C7FA7C8EB33382C0 /* Pods-FlixUITests.release.xcconfig */ = {isa = PBXFileReference; includeInIndex = 1; lastKnownFileType = text.xcconfig; name = "Pods-FlixUITests.release.xcconfig"; path = "Pods/Target Support Files/Pods-FlixUITests/Pods-FlixUITests.release.xcconfig"; sourceTree = "<group>"; };
		F38C85424512ED3EFDBEF026 /* Pods-Flix.debug.xcconfig */ = {isa = PBXFileReference; includeInIndex = 1; lastKnownFileType = text.xcconfig; name = "Pods-Flix.debug.xcconfig"; path = "Pods/Target Support Files/Pods-Flix/Pods-Flix.debug.xcconfig"; sourceTree = "<group>"; };
/* End PBXFileReference section */

/* Begin PBXFrameworksBuildPhase section */
		5DDB666D214CA646001BA32B /* Frameworks */ = {
			isa = PBXFrameworksBuildPhase;
			buildActionMask = 2147483647;
			files = (
				6B14B5BA5568A7961E53FABF /* Pods_Flix.framework in Frameworks */,
			);
			runOnlyForDeploymentPostprocessing = 0;
		};
		5DDB6681214CA647001BA32B /* Frameworks */ = {
			isa = PBXFrameworksBuildPhase;
			buildActionMask = 2147483647;
			files = (
				97EE0A44A5FFCE194FE37557 /* Pods_FlixTests.framework in Frameworks */,
			);
			runOnlyForDeploymentPostprocessing = 0;
		};
		5DDB668C214CA648001BA32B /* Frameworks */ = {
			isa = PBXFrameworksBuildPhase;
			buildActionMask = 2147483647;
			files = (
				A44E1C5937DEC75B26D88328 /* Pods_FlixUITests.framework in Frameworks */,
			);
			runOnlyForDeploymentPostprocessing = 0;
		};
/* End PBXFrameworksBuildPhase section */

/* Begin PBXGroup section */
		0893C4CED5A511BBEA643C28 /* Frameworks */ = {
			isa = PBXGroup;
			children = (
				692A0F1E9CABF83E14AFBB80 /* Pods_Flix.framework */,
				890E171B6ED7929FE2CB73D8 /* Pods_FlixTests.framework */,
				063FA5D0FE8156C43C156FEE /* Pods_FlixUITests.framework */,
			);
			name = Frameworks;
			sourceTree = "<group>";
		};
		43F969CE515544FC1AC58458 /* Pods */ = {
			isa = PBXGroup;
			children = (
				F38C85424512ED3EFDBEF026 /* Pods-Flix.debug.xcconfig */,
				5A5BD448BBF0011CFEB48925 /* Pods-Flix.release.xcconfig */,
				AA01EFB9B85A50C6D5E467F1 /* Pods-FlixTests.debug.xcconfig */,
				8A9CF022D344ACB5D28A99CC /* Pods-FlixTests.release.xcconfig */,
				C98AEF60C5095A576B4A4E53 /* Pods-FlixUITests.debug.xcconfig */,
				CB25C397C7FA7C8EB33382C0 /* Pods-FlixUITests.release.xcconfig */,
			);
			name = Pods;
			sourceTree = "<group>";
		};
		5DDB6667214CA646001BA32B = {
			isa = PBXGroup;
			children = (
				5DDB6672214CA646001BA32B /* Flix */,
				5DDB6687214CA647001BA32B /* FlixTests */,
				5DDB6692214CA648001BA32B /* FlixUITests */,
				5DDB6671214CA646001BA32B /* Products */,
				43F969CE515544FC1AC58458 /* Pods */,
				0893C4CED5A511BBEA643C28 /* Frameworks */,
			);
			sourceTree = "<group>";
		};
		5DDB6671214CA646001BA32B /* Products */ = {
			isa = PBXGroup;
			children = (
				5DDB6670214CA646001BA32B /* Flix.app */,
				5DDB6684214CA647001BA32B /* FlixTests.xctest */,
				5DDB668F214CA648001BA32B /* FlixUITests.xctest */,
			);
			name = Products;
			sourceTree = "<group>";
		};
		5DDB6672214CA646001BA32B /* Flix */ = {
			isa = PBXGroup;
			children = (
				5D45938C214DA53100061651 /* NowPlayingViewController.swift */,
				5D45938E214DCEB000061651 /* MovieCell.swift */,
				5DDB6673214CA646001BA32B /* AppDelegate.swift */,
				5DDB6677214CA646001BA32B /* Main.storyboard */,
				5DDB667A214CA647001BA32B /* Assets.xcassets */,
				5DDB667C214CA647001BA32B /* LaunchScreen.storyboard */,
				5DDB667F214CA647001BA32B /* Info.plist */,
			);
			path = Flix;
			sourceTree = "<group>";
		};
		5DDB6687214CA647001BA32B /* FlixTests */ = {
			isa = PBXGroup;
			children = (
				5DDB6688214CA647001BA32B /* FlixTests.swift */,
				5DDB668A214CA647001BA32B /* Info.plist */,
			);
			path = FlixTests;
			sourceTree = "<group>";
		};
		5DDB6692214CA648001BA32B /* FlixUITests */ = {
			isa = PBXGroup;
			children = (
				5DDB6693214CA648001BA32B /* FlixUITests.swift */,
				5DDB6695214CA648001BA32B /* Info.plist */,
			);
			path = FlixUITests;
			sourceTree = "<group>";
		};
/* End PBXGroup section */

/* Begin PBXNativeTarget section */
		5DDB666F214CA646001BA32B /* Flix */ = {
			isa = PBXNativeTarget;
			buildConfigurationList = 5DDB6698214CA648001BA32B /* Build configuration list for PBXNativeTarget "Flix" */;
			buildPhases = (
				70176C7BC33BC83650252E19 /* [CP] Check Pods Manifest.lock */,
				5DDB666C214CA646001BA32B /* Sources */,
				5DDB666D214CA646001BA32B /* Frameworks */,
				5DDB666E214CA646001BA32B /* Resources */,
				8D643ADEC0ABE47B324CA1E9 /* [CP] Embed Pods Frameworks */,
			);
			buildRules = (
			);
			dependencies = (
			);
			name = Flix;
			productName = Flix;
			productReference = 5DDB6670214CA646001BA32B /* Flix.app */;
			productType = "com.apple.product-type.application";
		};
		5DDB6683214CA647001BA32B /* FlixTests */ = {
			isa = PBXNativeTarget;
			buildConfigurationList = 5DDB669B214CA648001BA32B /* Build configuration list for PBXNativeTarget "FlixTests" */;
			buildPhases = (
				AAF191E19E5989C28B00BD20 /* [CP] Check Pods Manifest.lock */,
				5DDB6680214CA647001BA32B /* Sources */,
				5DDB6681214CA647001BA32B /* Frameworks */,
				5DDB6682214CA647001BA32B /* Resources */,
			);
			buildRules = (
			);
			dependencies = (
				5DDB6686214CA647001BA32B /* PBXTargetDependency */,
			);
			name = FlixTests;
			productName = FlixTests;
			productReference = 5DDB6684214CA647001BA32B /* FlixTests.xctest */;
			productType = "com.apple.product-type.bundle.unit-test";
		};
		5DDB668E214CA648001BA32B /* FlixUITests */ = {
			isa = PBXNativeTarget;
			buildConfigurationList = 5DDB669E214CA648001BA32B /* Build configuration list for PBXNativeTarget "FlixUITests" */;
			buildPhases = (
				01DCCD9B85E118AABD18CE9E /* [CP] Check Pods Manifest.lock */,
				5DDB668B214CA648001BA32B /* Sources */,
				5DDB668C214CA648001BA32B /* Frameworks */,
				5DDB668D214CA648001BA32B /* Resources */,
			);
			buildRules = (
			);
			dependencies = (
				5DDB6691214CA648001BA32B /* PBXTargetDependency */,
			);
			name = FlixUITests;
			productName = FlixUITests;
			productReference = 5DDB668F214CA648001BA32B /* FlixUITests.xctest */;
			productType = "com.apple.product-type.bundle.ui-testing";
		};
/* End PBXNativeTarget section */

/* Begin PBXProject section */
		5DDB6668214CA646001BA32B /* Project object */ = {
			isa = PBXProject;
			attributes = {
				LastSwiftUpdateCheck = 0940;
				LastUpgradeCheck = 0940;
				ORGANIZATIONNAME = "Kenia Rioja";
				TargetAttributes = {
					5DDB666F214CA646001BA32B = {
						CreatedOnToolsVersion = 9.4.1;
					};
					5DDB6683214CA647001BA32B = {
						CreatedOnToolsVersion = 9.4.1;
						TestTargetID = 5DDB666F214CA646001BA32B;
					};
					5DDB668E214CA648001BA32B = {
						CreatedOnToolsVersion = 9.4.1;
						TestTargetID = 5DDB666F214CA646001BA32B;
					};
				};
			};
			buildConfigurationList = 5DDB666B214CA646001BA32B /* Build configuration list for PBXProject "Flix" */;
			compatibilityVersion = "Xcode 9.3";
			developmentRegion = en;
			hasScannedForEncodings = 0;
			knownRegions = (
				en,
				Base,
			);
			mainGroup = 5DDB6667214CA646001BA32B;
			productRefGroup = 5DDB6671214CA646001BA32B /* Products */;
			projectDirPath = "";
			projectRoot = "";
			targets = (
				5DDB666F214CA646001BA32B /* Flix */,
				5DDB6683214CA647001BA32B /* FlixTests */,
				5DDB668E214CA648001BA32B /* FlixUITests */,
			);
		};
/* End PBXProject section */

/* Begin PBXResourcesBuildPhase section */
		5DDB666E214CA646001BA32B /* Resources */ = {
			isa = PBXResourcesBuildPhase;
			buildActionMask = 2147483647;
			files = (
				5DDB667E214CA647001BA32B /* LaunchScreen.storyboard in Resources */,
				5DDB667B214CA647001BA32B /* Assets.xcassets in Resources */,
				5DDB6679214CA646001BA32B /* Main.storyboard in Resources */,
			);
			runOnlyForDeploymentPostprocessing = 0;
		};
		5DDB6682214CA647001BA32B /* Resources */ = {
			isa = PBXResourcesBuildPhase;
			buildActionMask = 2147483647;
			files = (
			);
			runOnlyForDeploymentPostprocessing = 0;
		};
		5DDB668D214CA648001BA32B /* Resources */ = {
			isa = PBXResourcesBuildPhase;
			buildActionMask = 2147483647;
			files = (
			);
			runOnlyForDeploymentPostprocessing = 0;
		};
/* End PBXResourcesBuildPhase section */

/* Begin PBXShellScriptBuildPhase section */
		01DCCD9B85E118AABD18CE9E /* [CP] Check Pods Manifest.lock */ = {
			isa = PBXShellScriptBuildPhase;
			buildActionMask = 2147483647;
			files = (
			);
			inputPaths = (
				"${PODS_PODFILE_DIR_PATH}/Podfile.lock",
				"${PODS_ROOT}/Manifest.lock",
			);
			name = "[CP] Check Pods Manifest.lock";
			outputPaths = (
				"$(DERIVED_FILE_DIR)/Pods-FlixUITests-checkManifestLockResult.txt",
			);
			runOnlyForDeploymentPostprocessing = 0;
			shellPath = /bin/sh;
			shellScript = "diff \"${PODS_PODFILE_DIR_PATH}/Podfile.lock\" \"${PODS_ROOT}/Manifest.lock\" > /dev/null\nif [ $? != 0 ] ; then\n    # print error to STDERR\n    echo \"error: The sandbox is not in sync with the Podfile.lock. Run 'pod install' or update your CocoaPods installation.\" >&2\n    exit 1\nfi\n# This output is used by Xcode 'outputs' to avoid re-running this script phase.\necho \"SUCCESS\" > \"${SCRIPT_OUTPUT_FILE_0}\"\n";
			showEnvVarsInLog = 0;
		};
		70176C7BC33BC83650252E19 /* [CP] Check Pods Manifest.lock */ = {
			isa = PBXShellScriptBuildPhase;
			buildActionMask = 2147483647;
			files = (
			);
			inputPaths = (
				"${PODS_PODFILE_DIR_PATH}/Podfile.lock",
				"${PODS_ROOT}/Manifest.lock",
			);
			name = "[CP] Check Pods Manifest.lock";
			outputPaths = (
				"$(DERIVED_FILE_DIR)/Pods-Flix-checkManifestLockResult.txt",
			);
			runOnlyForDeploymentPostprocessing = 0;
			shellPath = /bin/sh;
			shellScript = "diff \"${PODS_PODFILE_DIR_PATH}/Podfile.lock\" \"${PODS_ROOT}/Manifest.lock\" > /dev/null\nif [ $? != 0 ] ; then\n    # print error to STDERR\n    echo \"error: The sandbox is not in sync with the Podfile.lock. Run 'pod install' or update your CocoaPods installation.\" >&2\n    exit 1\nfi\n# This output is used by Xcode 'outputs' to avoid re-running this script phase.\necho \"SUCCESS\" > \"${SCRIPT_OUTPUT_FILE_0}\"\n";
			showEnvVarsInLog = 0;
		};
		8D643ADEC0ABE47B324CA1E9 /* [CP] Embed Pods Frameworks */ = {
			isa = PBXShellScriptBuildPhase;
			buildActionMask = 2147483647;
			files = (
			);
			inputPaths = (
				"${SRCROOT}/Pods/Target Support Files/Pods-Flix/Pods-Flix-frameworks.sh",
				"${BUILT_PRODUCTS_DIR}/Alamofire/Alamofire.framework",
				"${BUILT_PRODUCTS_DIR}/AlamofireImage/AlamofireImage.framework",
			);
			name = "[CP] Embed Pods Frameworks";
			outputPaths = (
				"${TARGET_BUILD_DIR}/${FRAMEWORKS_FOLDER_PATH}/Alamofire.framework",
				"${TARGET_BUILD_DIR}/${FRAMEWORKS_FOLDER_PATH}/AlamofireImage.framework",
			);
			runOnlyForDeploymentPostprocessing = 0;
			shellPath = /bin/sh;
			shellScript = "\"${SRCROOT}/Pods/Target Support Files/Pods-Flix/Pods-Flix-frameworks.sh\"\n";
			showEnvVarsInLog = 0;
		};
		AAF191E19E5989C28B00BD20 /* [CP] Check Pods Manifest.lock */ = {
			isa = PBXShellScriptBuildPhase;
			buildActionMask = 2147483647;
			files = (
			);
			inputPaths = (
				"${PODS_PODFILE_DIR_PATH}/Podfile.lock",
				"${PODS_ROOT}/Manifest.lock",
			);
			name = "[CP] Check Pods Manifest.lock";
			outputPaths = (
				"$(DERIVED_FILE_DIR)/Pods-FlixTests-checkManifestLockResult.txt",
			);
			runOnlyForDeploymentPostprocessing = 0;
			shellPath = /bin/sh;
			shellScript = "diff \"${PODS_PODFILE_DIR_PATH}/Podfile.lock\" \"${PODS_ROOT}/Manifest.lock\" > /dev/null\nif [ $? != 0 ] ; then\n    # print error to STDERR\n    echo \"error: The sandbox is not in sync with the Podfile.lock. Run 'pod install' or update your CocoaPods installation.\" >&2\n    exit 1\nfi\n# This output is used by Xcode 'outputs' to avoid re-running this script phase.\necho \"SUCCESS\" > \"${SCRIPT_OUTPUT_FILE_0}\"\n";
			showEnvVarsInLog = 0;
		};
/* End PBXShellScriptBuildPhase section */

/* Begin PBXSourcesBuildPhase section */
		5DDB666C214CA646001BA32B /* Sources */ = {
			isa = PBXSourcesBuildPhase;
			buildActionMask = 2147483647;
			files = (
				5D45938D214DA53100061651 /* NowPlayingViewController.swift in Sources */,
				5DDB6674214CA646001BA32B /* AppDelegate.swift in Sources */,
				5D45938F214DCEB000061651 /* MovieCell.swift in Sources */,
			);
			runOnlyForDeploymentPostprocessing = 0;
		};
		5DDB6680214CA647001BA32B /* Sources */ = {
			isa = PBXSourcesBuildPhase;
			buildActionMask = 2147483647;
			files = (
				5DDB6689214CA647001BA32B /* FlixTests.swift in Sources */,
			);
			runOnlyForDeploymentPostprocessing = 0;
		};
		5DDB668B214CA648001BA32B /* Sources */ = {
			isa = PBXSourcesBuildPhase;
			buildActionMask = 2147483647;
			files = (
				5DDB6694214CA648001BA32B /* FlixUITests.swift in Sources */,
			);
			runOnlyForDeploymentPostprocessing = 0;
		};
/* End PBXSourcesBuildPhase section */

/* Begin PBXTargetDependency section */
		5DDB6686214CA647001BA32B /* PBXTargetDependency */ = {
			isa = PBXTargetDependency;
			target = 5DDB666F214CA646001BA32B /* Flix */;
			targetProxy = 5DDB6685214CA647001BA32B /* PBXContainerItemProxy */;
		};
		5DDB6691214CA648001BA32B /* PBXTargetDependency */ = {
			isa = PBXTargetDependency;
			target = 5DDB666F214CA646001BA32B /* Flix */;
			targetProxy = 5DDB6690214CA648001BA32B /* PBXContainerItemProxy */;
		};
/* End PBXTargetDependency section */

/* Begin PBXVariantGroup section */
		5DDB6677214CA646001BA32B /* Main.storyboard */ = {
			isa = PBXVariantGroup;
			children = (
				5DDB6678214CA646001BA32B /* Base */,
			);
			name = Main.storyboard;
			sourceTree = "<group>";
		};
		5DDB667C214CA647001BA32B /* LaunchScreen.storyboard */ = {
			isa = PBXVariantGroup;
			children = (
				5DDB667D214CA647001BA32B /* Base */,
			);
			name = LaunchScreen.storyboard;
			sourceTree = "<group>";
		};
/* End PBXVariantGroup section */

/* Begin XCBuildConfiguration section */
		5DDB6696214CA648001BA32B /* Debug */ = {
			isa = XCBuildConfiguration;
			buildSettings = {
				ALWAYS_SEARCH_USER_PATHS = NO;
				CLANG_ANALYZER_NONNULL = YES;
				CLANG_ANALYZER_NUMBER_OBJECT_CONVERSION = YES_AGGRESSIVE;
				CLANG_CXX_LANGUAGE_STANDARD = "gnu++14";
				CLANG_CXX_LIBRARY = "libc++";
				CLANG_ENABLE_MODULES = YES;
				CLANG_ENABLE_OBJC_ARC = YES;
				CLANG_ENABLE_OBJC_WEAK = YES;
				CLANG_WARN_BLOCK_CAPTURE_AUTORELEASING = YES;
				CLANG_WARN_BOOL_CONVERSION = YES;
				CLANG_WARN_COMMA = YES;
				CLANG_WARN_CONSTANT_CONVERSION = YES;
				CLANG_WARN_DEPRECATED_OBJC_IMPLEMENTATIONS = YES;
				CLANG_WARN_DIRECT_OBJC_ISA_USAGE = YES_ERROR;
				CLANG_WARN_DOCUMENTATION_COMMENTS = YES;
				CLANG_WARN_EMPTY_BODY = YES;
				CLANG_WARN_ENUM_CONVERSION = YES;
				CLANG_WARN_INFINITE_RECURSION = YES;
				CLANG_WARN_INT_CONVERSION = YES;
				CLANG_WARN_NON_LITERAL_NULL_CONVERSION = YES;
				CLANG_WARN_OBJC_IMPLICIT_RETAIN_SELF = YES;
				CLANG_WARN_OBJC_LITERAL_CONVERSION = YES;
				CLANG_WARN_OBJC_ROOT_CLASS = YES_ERROR;
				CLANG_WARN_RANGE_LOOP_ANALYSIS = YES;
				CLANG_WARN_STRICT_PROTOTYPES = YES;
				CLANG_WARN_SUSPICIOUS_MOVE = YES;
				CLANG_WARN_UNGUARDED_AVAILABILITY = YES_AGGRESSIVE;
				CLANG_WARN_UNREACHABLE_CODE = YES;
				CLANG_WARN__DUPLICATE_METHOD_MATCH = YES;
				CODE_SIGN_IDENTITY = "iPhone Developer";
				COPY_PHASE_STRIP = NO;
				DEBUG_INFORMATION_FORMAT = dwarf;
				ENABLE_STRICT_OBJC_MSGSEND = YES;
				ENABLE_TESTABILITY = YES;
				GCC_C_LANGUAGE_STANDARD = gnu11;
				GCC_DYNAMIC_NO_PIC = NO;
				GCC_NO_COMMON_BLOCKS = YES;
				GCC_OPTIMIZATION_LEVEL = 0;
				GCC_PREPROCESSOR_DEFINITIONS = (
					"DEBUG=1",
					"$(inherited)",
				);
				GCC_WARN_64_TO_32_BIT_CONVERSION = YES;
				GCC_WARN_ABOUT_RETURN_TYPE = YES_ERROR;
				GCC_WARN_UNDECLARED_SELECTOR = YES;
				GCC_WARN_UNINITIALIZED_AUTOS = YES_AGGRESSIVE;
				GCC_WARN_UNUSED_FUNCTION = YES;
				GCC_WARN_UNUSED_VARIABLE = YES;
				IPHONEOS_DEPLOYMENT_TARGET = 11.4;
				MTL_ENABLE_DEBUG_INFO = YES;
				ONLY_ACTIVE_ARCH = YES;
				SDKROOT = iphoneos;
				SWIFT_ACTIVE_COMPILATION_CONDITIONS = DEBUG;
				SWIFT_OPTIMIZATION_LEVEL = "-Onone";
			};
			name = Debug;
		};
		5DDB6697214CA648001BA32B /* Release */ = {
			isa = XCBuildConfiguration;
			buildSettings = {
				ALWAYS_SEARCH_USER_PATHS = NO;
				CLANG_ANALYZER_NONNULL = YES;
				CLANG_ANALYZER_NUMBER_OBJECT_CONVERSION = YES_AGGRESSIVE;
				CLANG_CXX_LANGUAGE_STANDARD = "gnu++14";
				CLANG_CXX_LIBRARY = "libc++";
				CLANG_ENABLE_MODULES = YES;
				CLANG_ENABLE_OBJC_ARC = YES;
				CLANG_ENABLE_OBJC_WEAK = YES;
				CLANG_WARN_BLOCK_CAPTURE_AUTORELEASING = YES;
				CLANG_WARN_BOOL_CONVERSION = YES;
				CLANG_WARN_COMMA = YES;
				CLANG_WARN_CONSTANT_CONVERSION = YES;
				CLANG_WARN_DEPRECATED_OBJC_IMPLEMENTATIONS = YES;
				CLANG_WARN_DIRECT_OBJC_ISA_USAGE = YES_ERROR;
				CLANG_WARN_DOCUMENTATION_COMMENTS = YES;
				CLANG_WARN_EMPTY_BODY = YES;
				CLANG_WARN_ENUM_CONVERSION = YES;
				CLANG_WARN_INFINITE_RECURSION = YES;
				CLANG_WARN_INT_CONVERSION = YES;
				CLANG_WARN_NON_LITERAL_NULL_CONVERSION = YES;
				CLANG_WARN_OBJC_IMPLICIT_RETAIN_SELF = YES;
				CLANG_WARN_OBJC_LITERAL_CONVERSION = YES;
				CLANG_WARN_OBJC_ROOT_CLASS = YES_ERROR;
				CLANG_WARN_RANGE_LOOP_ANALYSIS = YES;
				CLANG_WARN_STRICT_PROTOTYPES = YES;
				CLANG_WARN_SUSPICIOUS_MOVE = YES;
				CLANG_WARN_UNGUARDED_AVAILABILITY = YES_AGGRESSIVE;
				CLANG_WARN_UNREACHABLE_CODE = YES;
				CLANG_WARN__DUPLICATE_METHOD_MATCH = YES;
				CODE_SIGN_IDENTITY = "iPhone Developer";
				COPY_PHASE_STRIP = NO;
				DEBUG_INFORMATION_FORMAT = "dwarf-with-dsym";
				ENABLE_NS_ASSERTIONS = NO;
				ENABLE_STRICT_OBJC_MSGSEND = YES;
				GCC_C_LANGUAGE_STANDARD = gnu11;
				GCC_NO_COMMON_BLOCKS = YES;
				GCC_WARN_64_TO_32_BIT_CONVERSION = YES;
				GCC_WARN_ABOUT_RETURN_TYPE = YES_ERROR;
				GCC_WARN_UNDECLARED_SELECTOR = YES;
				GCC_WARN_UNINITIALIZED_AUTOS = YES_AGGRESSIVE;
				GCC_WARN_UNUSED_FUNCTION = YES;
				GCC_WARN_UNUSED_VARIABLE = YES;
				IPHONEOS_DEPLOYMENT_TARGET = 11.4;
				MTL_ENABLE_DEBUG_INFO = NO;
				SDKROOT = iphoneos;
				SWIFT_COMPILATION_MODE = wholemodule;
				SWIFT_OPTIMIZATION_LEVEL = "-O";
				VALIDATE_PRODUCT = YES;
			};
			name = Release;
		};
		5DDB6699214CA648001BA32B /* Debug */ = {
			isa = XCBuildConfiguration;
			baseConfigurationReference = F38C85424512ED3EFDBEF026 /* Pods-Flix.debug.xcconfig */;
			buildSettings = {
				ASSETCATALOG_COMPILER_APPICON_NAME = AppIcon;
				CODE_SIGN_STYLE = Automatic;
				DEVELOPMENT_TEAM = "";
				INFOPLIST_FILE = Flix/Info.plist;
				LD_RUNPATH_SEARCH_PATHS = (
					"$(inherited)",
					"@executable_path/Frameworks",
				);
				PRODUCT_BUNDLE_IDENTIFIER = com.codepath.Flixies;
				PRODUCT_NAME = "$(TARGET_NAME)";
				SWIFT_VERSION = 4.0;
				TARGETED_DEVICE_FAMILY = "1,2";
			};
			name = Debug;
		};
		5DDB669A214CA648001BA32B /* Release */ = {
			isa = XCBuildConfiguration;
			baseConfigurationReference = 5A5BD448BBF0011CFEB48925 /* Pods-Flix.release.xcconfig */;
			buildSettings = {
				ASSETCATALOG_COMPILER_APPICON_NAME = AppIcon;
				CODE_SIGN_STYLE = Automatic;
				DEVELOPMENT_TEAM = "";
				INFOPLIST_FILE = Flix/Info.plist;
				LD_RUNPATH_SEARCH_PATHS = (
					"$(inherited)",
					"@executable_path/Frameworks",
				);
				PRODUCT_BUNDLE_IDENTIFIER = com.codepath.Flixies;
				PRODUCT_NAME = "$(TARGET_NAME)";
				SWIFT_VERSION = 4.0;
				TARGETED_DEVICE_FAMILY = "1,2";
			};
			name = Release;
		};
		5DDB669C214CA648001BA32B /* Debug */ = {
			isa = XCBuildConfiguration;
			baseConfigurationReference = AA01EFB9B85A50C6D5E467F1 /* Pods-FlixTests.debug.xcconfig */;
			buildSettings = {
				ALWAYS_EMBED_SWIFT_STANDARD_LIBRARIES = YES;
				BUNDLE_LOADER = "$(TEST_HOST)";
				CODE_SIGN_STYLE = Automatic;
				INFOPLIST_FILE = FlixTests/Info.plist;
				LD_RUNPATH_SEARCH_PATHS = (
					"$(inherited)",
					"@executable_path/Frameworks",
					"@loader_path/Frameworks",
				);
				PRODUCT_BUNDLE_IDENTIFIER = com.codepath.FlixTests;
				PRODUCT_NAME = "$(TARGET_NAME)";
				SWIFT_VERSION = 4.0;
				TARGETED_DEVICE_FAMILY = "1,2";
				TEST_HOST = "$(BUILT_PRODUCTS_DIR)/Flix.app/Flix";
			};
			name = Debug;
		};
		5DDB669D214CA648001BA32B /* Release */ = {
			isa = XCBuildConfiguration;
			baseConfigurationReference = 8A9CF022D344ACB5D28A99CC /* Pods-FlixTests.release.xcconfig */;
			buildSettings = {
				ALWAYS_EMBED_SWIFT_STANDARD_LIBRARIES = YES;
				BUNDLE_LOADER = "$(TEST_HOST)";
				CODE_SIGN_STYLE = Automatic;
				INFOPLIST_FILE = FlixTests/Info.plist;
				LD_RUNPATH_SEARCH_PATHS = (
					"$(inherited)",
					"@executable_path/Frameworks",
					"@loader_path/Frameworks",
				);
				PRODUCT_BUNDLE_IDENTIFIER = com.codepath.FlixTests;
				PRODUCT_NAME = "$(TARGET_NAME)";
				SWIFT_VERSION = 4.0;
				TARGETED_DEVICE_FAMILY = "1,2";
				TEST_HOST = "$(BUILT_PRODUCTS_DIR)/Flix.app/Flix";
			};
			name = Release;
		};
		5DDB669F214CA648001BA32B /* Debug */ = {
			isa = XCBuildConfiguration;
			baseConfigurationReference = C98AEF60C5095A576B4A4E53 /* Pods-FlixUITests.debug.xcconfig */;
			buildSettings = {
				ALWAYS_EMBED_SWIFT_STANDARD_LIBRARIES = YES;
				CODE_SIGN_STYLE = Automatic;
				INFOPLIST_FILE = FlixUITests/Info.plist;
				LD_RUNPATH_SEARCH_PATHS = (
					"$(inherited)",
					"@executable_path/Frameworks",
					"@loader_path/Frameworks",
				);
				PRODUCT_BUNDLE_IDENTIFIER = com.codepath.FlixUITests;
				PRODUCT_NAME = "$(TARGET_NAME)";
				SWIFT_VERSION = 4.0;
				TARGETED_DEVICE_FAMILY = "1,2";
				TEST_TARGET_NAME = Flix;
			};
			name = Debug;
		};
		5DDB66A0214CA648001BA32B /* Release */ = {
			isa = XCBuildConfiguration;
			baseConfigurationReference = CB25C397C7FA7C8EB33382C0 /* Pods-FlixUITests.release.xcconfig */;
			buildSettings = {
				ALWAYS_EMBED_SWIFT_STANDARD_LIBRARIES = YES;
				CODE_SIGN_STYLE = Automatic;
				INFOPLIST_FILE = FlixUITests/Info.plist;
				LD_RUNPATH_SEARCH_PATHS = (
					"$(inherited)",
					"@executable_path/Frameworks",
					"@loader_path/Frameworks",
				);
				PRODUCT_BUNDLE_IDENTIFIER = com.codepath.FlixUITests;
				PRODUCT_NAME = "$(TARGET_NAME)";
				SWIFT_VERSION = 4.0;
				TARGETED_DEVICE_FAMILY = "1,2";
				TEST_TARGET_NAME = Flix;
			};
			name = Release;
		};
/* End XCBuildConfiguration section */

/* Begin XCConfigurationList section */
		5DDB666B214CA646001BA32B /* Build configuration list for PBXProject "Flix" */ = {
			isa = XCConfigurationList;
			buildConfigurations = (
				5DDB6696214CA648001BA32B /* Debug */,
				5DDB6697214CA648001BA32B /* Release */,
			);
			defaultConfigurationIsVisible = 0;
			defaultConfigurationName = Release;
		};
		5DDB6698214CA648001BA32B /* Build configuration list for PBXNativeTarget "Flix" */ = {
			isa = XCConfigurationList;
			buildConfigurations = (
				5DDB6699214CA648001BA32B /* Debug */,
				5DDB669A214CA648001BA32B /* Release */,
			);
			defaultConfigurationIsVisible = 0;
			defaultConfigurationName = Release;
		};
		5DDB669B214CA648001BA32B /* Build configuration list for PBXNativeTarget "FlixTests" */ = {
			isa = XCConfigurationList;
			buildConfigurations = (
				5DDB669C214CA648001BA32B /* Debug */,
				5DDB669D214CA648001BA32B /* Release */,
			);
			defaultConfigurationIsVisible = 0;
			defaultConfigurationName = Release;
		};
		5DDB669E214CA648001BA32B /* Build configuration list for PBXNativeTarget "FlixUITests" */ = {
			isa = XCConfigurationList;
			buildConfigurations = (
				5DDB669F214CA648001BA32B /* Debug */,
				5DDB66A0214CA648001BA32B /* Release */,
			);
			defaultConfigurationIsVisible = 0;
			defaultConfigurationName = Release;
		};
/* End XCConfigurationList section */
	};
	rootObject = 5DDB6668214CA646001BA32B /* Project object */;
}
